
Microsoft Visual Studio Solution File, Format Version 12.00
# Visual Studio Version 17
VisualStudioVersion = 17.14.36623.8 d17.14
MinimumVisualStudioVersion = 10.0.40219.1
Project("{FAE04EC0-301F-11D3-BF4B-00C04F79EFBC}") = "TaskManager", "TaskManager.csproj", "{30F3A803-EAEA-4233-AED1-C4A6AAB94827}"
EndProject
Global
	GlobalSection(SolutionConfigurationPlatforms) = preSolution
		Debug|Any CPU = Debug|Any CPU
		Release|Any CPU = Release|Any CPU
	EndGlobalSection
	GlobalSection(ProjectConfigurationPlatforms) = postSolution
		{30F3A803-EAEA-4233-AED1-C4A6AAB94827}.Debug|Any CPU.ActiveCfg = Debug|Any CPU
		{30F3A803-EAEA-4233-AED1-C4A6AAB94827}.Debug|Any CPU.Build.0 = Debug|Any CPU
		{30F3A803-EAEA-4233-AED1-C4A6AAB94827}.Release|Any CPU.ActiveCfg = Release|Any CPU
		{30F3A803-EAEA-4233-AED1-C4A6AAB94827}.Release|Any CPU.Build.0 = Release|Any CPU
	EndGlobalSection
	GlobalSection(SolutionProperties) = preSolution
		HideSolutionNode = FALSE
	EndGlobalSection
	GlobalSection(ExtensibilityGlobals) = postSolution
		SolutionGuid = {DAE5740E-21CF-4528-B8C7-D9AE4C22DFF4}
	EndGlobalSection
EndGlobal
